
Microsoft Visual Studio Solution File, Format Version 12.00
# Visual Studio 15
VisualStudioVersion = 15.0.26730.12
MinimumVisualStudioVersion = 10.0.40219.1
Project("{FAE04EC0-301F-11D3-BF4B-00C04F79EFBC}") = "WebCalc", "WebCalc\WebCalc.csproj", "{F4B4F4C5-C548-408E-A136-ACFF8D9E8617}"
EndProject
Project("{FAE04EC0-301F-11D3-BF4B-00C04F79EFBC}") = "SeleniumTests", "SeleniumTests\SeleniumTests.csproj", "{9F4CD539-E63D-44C7-9C10-9931DCA17DF7}"
EndProject
Global
	GlobalSection(SolutionConfigurationPlatforms) = preSolution
		Debug|Any CPU = Debug|Any CPU
		Release|Any CPU = Release|Any CPU
	EndGlobalSection
	GlobalSection(ProjectConfigurationPlatforms) = postSolution
		{F4B4F4C5-C548-408E-A136-ACFF8D9E8617}.Debug|Any CPU.ActiveCfg = Debug|Any CPU
		{F4B4F4C5-C548-408E-A136-ACFF8D9E8617}.Debug|Any CPU.Build.0 = Debug|Any CPU
		{F4B4F4C5-C548-408E-A136-ACFF8D9E8617}.Release|Any CPU.ActiveCfg = Release|Any CPU
		{F4B4F4C5-C548-408E-A136-ACFF8D9E8617}.Release|Any CPU.Build.0 = Release|Any CPU
		{9F4CD539-E63D-44C7-9C10-9931DCA17DF7}.Debug|Any CPU.ActiveCfg = Debug|Any CPU
		{9F4CD539-E63D-44C7-9C10-9931DCA17DF7}.Debug|Any CPU.Build.0 = Debug|Any CPU
		{9F4CD539-E63D-44C7-9C10-9931DCA17DF7}.Release|Any CPU.ActiveCfg = Release|Any CPU
		{9F4CD539-E63D-44C7-9C10-9931DCA17DF7}.Release|Any CPU.Build.0 = Release|Any CPU
	EndGlobalSection
	GlobalSection(SolutionProperties) = preSolution
		HideSolutionNode = FALSE
	EndGlobalSection
	GlobalSection(ExtensibilityGlobals) = postSolution
		SolutionGuid = {332644EA-1558-4B21-8534-E57DA65D6FD2}
	EndGlobalSection
EndGlobal
